
Microsoft Visual Studio Solution File, Format Version 12.00
# Visual Studio Version 17
VisualStudioVersion = 17.2.32516.85
MinimumVisualStudioVersion = 10.0.40219.1
Project("{9A19103F-16F7-4668-BE54-9A1E7A4F7556}") = "EasyIdentity.Abstractions", "src\EasyIdentity.Abstractions\EasyIdentity.Abstractions.csproj", "{6746902F-3ED2-4707-99FB-82B762415115}"
EndProject
Project("{9A19103F-16F7-4668-BE54-9A1E7A4F7556}") = "EasyIdentity", "src\EasyIdentity\EasyIdentity.csproj", "{0747F27D-42FE-452C-949A-C7422AE14CA2}"
EndProject
Project("{2150E333-8FDC-42A3-9474-1A3956D46DE8}") = "Core", "Core", "{B5992595-CEBE-4D8C-9E23-519428145E5D}"
EndProject
Project("{2150E333-8FDC-42A3-9474-1A3956D46DE8}") = "Samples", "Samples", "{5C40A707-4974-4C79-9B6B-5AA22118EC19}"
EndProject
Project("{9A19103F-16F7-4668-BE54-9A1E7A4F7556}") = "EasyIdentity.Extensions.Identity", "src\EasyIdentity.Extensions.Identity\EasyIdentity.Extensions.Identity.csproj", "{9744BB33-581C-4EE0-85F8-20919C7101B7}"
EndProject
Project("{9A19103F-16F7-4668-BE54-9A1E7A4F7556}") = "EasyIdentity.EntityFramework", "src\EasyIdentity.EntityFramework\EasyIdentity.EntityFramework.csproj", "{1550BBB8-DD22-4A35-AFDD-4EBE81C22F06}"
EndProject
Project("{2150E333-8FDC-42A3-9474-1A3956D46DE8}") = "Clients", "Clients", "{CFB6936B-F669-4C2E-8664-EE7F8A859F82}"
EndProject
Project("{9A19103F-16F7-4668-BE54-9A1E7A4F7556}") = "ClientWeb1", "Samples\ClientWeb1\ClientWeb1.csproj", "{A81FA23C-D5C9-4FC0-9B61-EE31F098724A}"
EndProject
Project("{2150E333-8FDC-42A3-9474-1A3956D46DE8}") = "Server", "Server", "{9447AD54-A86D-4C7E-8B13-2E489D85ACBF}"
EndProject
Project("{2150E333-8FDC-42A3-9474-1A3956D46DE8}") = "Solution Items", "Solution Items", "{BB8938E1-BB7F-45FE-83F8-90A0B3D854BA}"
	ProjectSection(SolutionItems) = preProject
		doc\readme.md = doc\readme.md
	EndProjectSection
EndProject
Project("{9A19103F-16F7-4668-BE54-9A1E7A4F7556}") = "DeviceCodeConsoleApp", "Samples\DeviceCodeConsoleApp\DeviceCodeConsoleApp.csproj", "{55AC82A3-7E1B-472A-AC82-BF5D2E48522C}"
EndProject
Project("{9A19103F-16F7-4668-BE54-9A1E7A4F7556}") = "EasyIdentityServerBasic", "Samples\EasyIdentityServerBasic\EasyIdentityServerBasic.csproj", "{5CA69FBB-96A4-4CD8-87DA-5F8D0D30DF1D}"
EndProject
Project("{9A19103F-16F7-4668-BE54-9A1E7A4F7556}") = "SimpleOidcClientConsoleApp", "Samples\SimpleOidcClientConsoleApp\SimpleOidcClientConsoleApp.csproj", "{A1D9C861-0BB0-479E-9342-10D6BA2A401C}"
EndProject
Global
	GlobalSection(SolutionConfigurationPlatforms) = preSolution
		Debug|Any CPU = Debug|Any CPU
		Release|Any CPU = Release|Any CPU
	EndGlobalSection
	GlobalSection(ProjectConfigurationPlatforms) = postSolution
		{6746902F-3ED2-4707-99FB-82B762415115}.Debug|Any CPU.ActiveCfg = Debug|Any CPU
		{6746902F-3ED2-4707-99FB-82B762415115}.Debug|Any CPU.Build.0 = Debug|Any CPU
		{6746902F-3ED2-4707-99FB-82B762415115}.Release|Any CPU.ActiveCfg = Release|Any CPU
		{6746902F-3ED2-4707-99FB-82B762415115}.Release|Any CPU.Build.0 = Release|Any CPU
		{0747F27D-42FE-452C-949A-C7422AE14CA2}.Debug|Any CPU.ActiveCfg = Debug|Any CPU
		{0747F27D-42FE-452C-949A-C7422AE14CA2}.Debug|Any CPU.Build.0 = Debug|Any CPU
		{0747F27D-42FE-452C-949A-C7422AE14CA2}.Release|Any CPU.ActiveCfg = Release|Any CPU
		{0747F27D-42FE-452C-949A-C7422AE14CA2}.Release|Any CPU.Build.0 = Release|Any CPU
		{9744BB33-581C-4EE0-85F8-20919C7101B7}.Debug|Any CPU.ActiveCfg = Debug|Any CPU
		{9744BB33-581C-4EE0-85F8-20919C7101B7}.Debug|Any CPU.Build.0 = Debug|Any CPU
		{9744BB33-581C-4EE0-85F8-20919C7101B7}.Release|Any CPU.ActiveCfg = Release|Any CPU
		{9744BB33-581C-4EE0-85F8-20919C7101B7}.Release|Any CPU.Build.0 = Release|Any CPU
		{1550BBB8-DD22-4A35-AFDD-4EBE81C22F06}.Debug|Any CPU.ActiveCfg = Debug|Any CPU
		{1550BBB8-DD22-4A35-AFDD-4EBE81C22F06}.Debug|Any CPU.Build.0 = Debug|Any CPU
		{1550BBB8-DD22-4A35-AFDD-4EBE81C22F06}.Release|Any CPU.ActiveCfg = Release|Any CPU
		{1550BBB8-DD22-4A35-AFDD-4EBE81C22F06}.Release|Any CPU.Build.0 = Release|Any CPU
		{A81FA23C-D5C9-4FC0-9B61-EE31F098724A}.Debug|Any CPU.ActiveCfg = Debug|Any CPU
		{A81FA23C-D5C9-4FC0-9B61-EE31F098724A}.Debug|Any CPU.Build.0 = Debug|Any CPU
		{A81FA23C-D5C9-4FC0-9B61-EE31F098724A}.Release|Any CPU.ActiveCfg = Release|Any CPU
		{A81FA23C-D5C9-4FC0-9B61-EE31F098724A}.Release|Any CPU.Build.0 = Release|Any CPU
		{55AC82A3-7E1B-472A-AC82-BF5D2E48522C}.Debug|Any CPU.ActiveCfg = Debug|Any CPU
		{55AC82A3-7E1B-472A-AC82-BF5D2E48522C}.Debug|Any CPU.Build.0 = Debug|Any CPU
		{55AC82A3-7E1B-472A-AC82-BF5D2E48522C}.Release|Any CPU.ActiveCfg = Release|Any CPU
		{55AC82A3-7E1B-472A-AC82-BF5D2E48522C}.Release|Any CPU.Build.0 = Release|Any CPU
		{5CA69FBB-96A4-4CD8-87DA-5F8D0D30DF1D}.Debug|Any CPU.ActiveCfg = Debug|Any CPU
		{5CA69FBB-96A4-4CD8-87DA-5F8D0D30DF1D}.Debug|Any CPU.Build.0 = Debug|Any CPU
		{5CA69FBB-96A4-4CD8-87DA-5F8D0D30DF1D}.Release|Any CPU.ActiveCfg = Release|Any CPU
		{5CA69FBB-96A4-4CD8-87DA-5F8D0D30DF1D}.Release|Any CPU.Build.0 = Release|Any CPU
		{A1D9C861-0BB0-479E-9342-10D6BA2A401C}.Debug|Any CPU.ActiveCfg = Debug|Any CPU
		{A1D9C861-0BB0-479E-9342-10D6BA2A401C}.Debug|Any CPU.Build.0 = Debug|Any CPU
		{A1D9C861-0BB0-479E-9342-10D6BA2A401C}.Release|Any CPU.ActiveCfg = Release|Any CPU
		{A1D9C861-0BB0-479E-9342-10D6BA2A401C}.Release|Any CPU.Build.0 = Release|Any CPU
	EndGlobalSection
	GlobalSection(SolutionProperties) = preSolution
		HideSolutionNode = FALSE
	EndGlobalSection
	GlobalSection(NestedProjects) = preSolution
		{6746902F-3ED2-4707-99FB-82B762415115} = {B5992595-CEBE-4D8C-9E23-519428145E5D}
		{0747F27D-42FE-452C-949A-C7422AE14CA2} = {B5992595-CEBE-4D8C-9E23-519428145E5D}
		{9744BB33-581C-4EE0-85F8-20919C7101B7} = {B5992595-CEBE-4D8C-9E23-519428145E5D}
		{1550BBB8-DD22-4A35-AFDD-4EBE81C22F06} = {B5992595-CEBE-4D8C-9E23-519428145E5D}
		{CFB6936B-F669-4C2E-8664-EE7F8A859F82} = {5C40A707-4974-4C79-9B6B-5AA22118EC19}
		{A81FA23C-D5C9-4FC0-9B61-EE31F098724A} = {CFB6936B-F669-4C2E-8664-EE7F8A859F82}
		{9447AD54-A86D-4C7E-8B13-2E489D85ACBF} = {5C40A707-4974-4C79-9B6B-5AA22118EC19}
		{55AC82A3-7E1B-472A-AC82-BF5D2E48522C} = {CFB6936B-F669-4C2E-8664-EE7F8A859F82}
		{5CA69FBB-96A4-4CD8-87DA-5F8D0D30DF1D} = {9447AD54-A86D-4C7E-8B13-2E489D85ACBF}
		{A1D9C861-0BB0-479E-9342-10D6BA2A401C} = {CFB6936B-F669-4C2E-8664-EE7F8A859F82}
	EndGlobalSection
	GlobalSection(ExtensibilityGlobals) = postSolution
		SolutionGuid = {9DF40788-007D-447A-BDCC-312FCF8857F2}
	EndGlobalSection
EndGlobal
